// !$*UTF8*$!
{
	archiveVersion = 1;
	classes = {
	};
	objectVersion = 50;
	objects = {

/* Begin PBXBuildFile section */
		6D946B8822657D98006E7182 /* AppDelegate.swift in Sources */ = {isa = PBXBuildFile; fileRef = 6D946B8722657D98006E7182 /* AppDelegate.swift */; };
		6D946B8A22657D98006E7182 /* DevicesViewController.swift in Sources */ = {isa = PBXBuildFile; fileRef = 6D946B8922657D98006E7182 /* DevicesViewController.swift */; };
		6D946B8D22657D98006E7182 /* Main.storyboard in Resources */ = {isa = PBXBuildFile; fileRef = 6D946B8B22657D98006E7182 /* Main.storyboard */; };
		6D946B8F22657D9A006E7182 /* Assets.xcassets in Resources */ = {isa = PBXBuildFile; fileRef = 6D946B8E22657D9A006E7182 /* Assets.xcassets */; };
		6D946B9222657D9A006E7182 /* LaunchScreen.storyboard in Resources */ = {isa = PBXBuildFile; fileRef = 6D946B9022657D9A006E7182 /* LaunchScreen.storyboard */; };
		6D946B9B22657DB4006E7182 /* CoreBluetooth.framework in Frameworks */ = {isa = PBXBuildFile; fileRef = 6D946B9A22657DB4006E7182 /* CoreBluetooth.framework */; };
		6D946B9D22682C47006E7182 /* ServicesViewController.swift in Sources */ = {isa = PBXBuildFile; fileRef = 6D946B9C22682C47006E7182 /* ServicesViewController.swift */; };
		6D946B9F226966A7006E7182 /* DeviceInfoViewController.swift in Sources */ = {isa = PBXBuildFile; fileRef = 6D946B9E226966A7006E7182 /* DeviceInfoViewController.swift */; };
/* End PBXBuildFile section */

/* Begin PBXFileReference section */
		6D946B8422657D98006E7182 /* gattServiceInspector.app */ = {isa = PBXFileReference; explicitFileType = wrapper.application; includeInIndex = 0; path = gattServiceInspector.app; sourceTree = BUILT_PRODUCTS_DIR; };
		6D946B8722657D98006E7182 /* AppDelegate.swift */ = {isa = PBXFileReference; lastKnownFileType = sourcecode.swift; path = AppDelegate.swift; sourceTree = "<group>"; };
		6D946B8922657D98006E7182 /* DevicesViewController.swift */ = {isa = PBXFileReference; lastKnownFileType = sourcecode.swift; path = DevicesViewController.swift; sourceTree = "<group>"; };
		6D946B8C22657D98006E7182 /* Base */ = {isa = PBXFileReference; lastKnownFileType = file.storyboard; name = Base; path = Base.lproj/Main.storyboard; sourceTree = "<group>"; };
		6D946B8E22657D9A006E7182 /* Assets.xcassets */ = {isa = PBXFileReference; lastKnownFileType = folder.assetcatalog; path = Assets.xcassets; sourceTree = "<group>"; };
		6D946B9122657D9A006E7182 /* Base */ = {isa = PBXFileReference; lastKnownFileType = file.storyboard; name = Base; path = Base.lproj/LaunchScreen.storyboard; sourceTree = "<group>"; };
		6D946B9322657D9A006E7182 /* Info.plist */ = {isa = PBXFileReference; lastKnownFileType = text.plist.xml; path = Info.plist; sourceTree = "<group>"; };
		6D946B9A22657DB4006E7182 /* CoreBluetooth.framework */ = {isa = PBXFileReference; lastKnownFileType = wrapper.framework; name = CoreBluetooth.framework; path = System/Library/Frameworks/CoreBluetooth.framework; sourceTree = SDKROOT; };
		6D946B9C22682C47006E7182 /* ServicesViewController.swift */ = {isa = PBXFileReference; lastKnownFileType = sourcecode.swift; path = ServicesViewController.swift; sourceTree = "<group>"; };
		6D946B9E226966A7006E7182 /* DeviceInfoViewController.swift */ = {isa = PBXFileReference; lastKnownFileType = sourcecode.swift; path = DeviceInfoViewController.swift; sourceTree = "<group>"; };
/* End PBXFileReference section */

/* Begin PBXFrameworksBuildPhase section */
		6D946B8122657D98006E7182 /* Frameworks */ = {
			isa = PBXFrameworksBuildPhase;
			buildActionMask = 2147483647;
			files = (
				6D946B9B22657DB4006E7182 /* CoreBluetooth.framework in Frameworks */,
			);
			runOnlyForDeploymentPostprocessing = 0;
		};
/* End PBXFrameworksBuildPhase section */

/* Begin PBXGroup section */
		6D946B7B22657D98006E7182 = {
			isa = PBXGroup;
			children = (
				6D946B8622657D98006E7182 /* gattServiceInspector */,
				6D946B8522657D98006E7182 /* Products */,
				6D946B9922657DB4006E7182 /* Frameworks */,
			);
			sourceTree = "<group>";
		};
		6D946B8522657D98006E7182 /* Products */ = {
			isa = PBXGroup;
			children = (
				6D946B8422657D98006E7182 /* gattServiceInspector.app */,
			);
			name = Products;
			sourceTree = "<group>";
		};
		6D946B8622657D98006E7182 /* gattServiceInspector */ = {
			isa = PBXGroup;
			children = (
				6D946B8722657D98006E7182 /* AppDelegate.swift */,
				6D946B8922657D98006E7182 /* DevicesViewController.swift */,
				6D946B9E226966A7006E7182 /* DeviceInfoViewController.swift */,
				6D946B9C22682C47006E7182 /* ServicesViewController.swift */,
				6D946B8B22657D98006E7182 /* Main.storyboard */,
				6D946B8E22657D9A006E7182 /* Assets.xcassets */,
				6D946B9022657D9A006E7182 /* LaunchScreen.storyboard */,
				6D946B9322657D9A006E7182 /* Info.plist */,
			);
			path = gattServiceInspector;
			sourceTree = "<group>";
		};
		6D946B9922657DB4006E7182 /* Frameworks */ = {
			isa = PBXGroup;
			children = (
				6D946B9A22657DB4006E7182 /* CoreBluetooth.framework */,
			);
			name = Frameworks;
			sourceTree = "<group>";
		};
/* End PBXGroup section */

/* Begin PBXNativeTarget section */
		6D946B8322657D98006E7182 /* gattServiceInspector */ = {
			isa = PBXNativeTarget;
			buildConfigurationList = 6D946B9622657D9A006E7182 /* Build configuration list for PBXNativeTarget "gattServiceInspector" */;
			buildPhases = (
				6D946B8022657D98006E7182 /* Sources */,
				6D946B8122657D98006E7182 /* Frameworks */,
				6D946B8222657D98006E7182 /* Resources */,
			);
			buildRules = (
			);
			dependencies = (
			);
			name = gattServiceInspector;
			productName = gattServiceInspector;
			productReference = 6D946B8422657D98006E7182 /* gattServiceInspector.app */;
			productType = "com.apple.product-type.application";
		};
/* End PBXNativeTarget section */

/* Begin PBXProject section */
		6D946B7C22657D98006E7182 /* Project object */ = {
			isa = PBXProject;
			attributes = {
				LastSwiftUpdateCheck = 1020;
				LastUpgradeCheck = 1020;
				ORGANIZATIONNAME = "Chris Sidi";
				TargetAttributes = {
					6D946B8322657D98006E7182 = {
						CreatedOnToolsVersion = 10.2;
					};
				};
			};
			buildConfigurationList = 6D946B7F22657D98006E7182 /* Build configuration list for PBXProject "gattServiceInspector" */;
			compatibilityVersion = "Xcode 9.3";
			developmentRegion = en;
			hasScannedForEncodings = 0;
			knownRegions = (
				en,
				Base,
			);
			mainGroup = 6D946B7B22657D98006E7182;
			productRefGroup = 6D946B8522657D98006E7182 /* Products */;
			projectDirPath = "";
			projectRoot = "";
			targets = (
				6D946B8322657D98006E7182 /* gattServiceInspector */,
			);
		};
/* End PBXProject section */

/* Begin PBXResourcesBuildPhase section */
		6D946B8222657D98006E7182 /* Resources */ = {
			isa = PBXResourcesBuildPhase;
			buildActionMask = 2147483647;
			files = (
				6D946B9222657D9A006E7182 /* LaunchScreen.storyboard in Resources */,
				6D946B8F22657D9A006E7182 /* Assets.xcassets in Resources */,
				6D946B8D22657D98006E7182 /* Main.storyboard in Resources */,
			);
			runOnlyForDeploymentPostprocessing = 0;
		};
/* End PBXResourcesBuildPhase section */

/* Begin PBXSourcesBuildPhase section */
		6D946B8022657D98006E7182 /* Sources */ = {
			isa = PBXSourcesBuildPhase;
			buildActionMask = 2147483647;
			files = (
				6D946B9F226966A7006E7182 /* DeviceInfoViewController.swift in Sources */,
				6D946B8A22657D98006E7182 /* DevicesViewController.swift in Sources */,
				6D946B8822657D98006E7182 /* AppDelegate.swift in Sources */,
				6D946B9D22682C47006E7182 /* ServicesViewController.swift in Sources */,
			);
			runOnlyForDeploymentPostprocessing = 0;
		};
/* End PBXSourcesBuildPhase section */

/* Begin PBXVariantGroup section */
		6D946B8B22657D98006E7182 /* Main.storyboard */ = {
			isa = PBXVariantGroup;
			children = (
				6D946B8C22657D98006E7182 /* Base */,
			);
			name = Main.storyboard;
			sourceTree = "<group>";
		};
		6D946B9022657D9A006E7182 /* LaunchScreen.storyboard */ = {
			isa = PBXVariantGroup;
			children = (
				6D946B9122657D9A006E7182 /* Base */,
			);
			name = LaunchScreen.storyboard;
			sourceTree = "<group>";
		};
/* End PBXVariantGroup section */

/* Begin XCBuildConfiguration section */
		6D946B9422657D9A006E7182 /* Debug */ = {
			isa = XCBuildConfiguration;
			buildSettings = {
				ALWAYS_SEARCH_USER_PATHS = NO;
				CLANG_ANALYZER_NONNULL = YES;
				CLANG_ANALYZER_NUMBER_OBJECT_CONVERSION = YES_AGGRESSIVE;
				CLANG_CXX_LANGUAGE_STANDARD = "gnu++14";
				CLANG_CXX_LIBRARY = "libc++";
				CLANG_ENABLE_MODULES = YES;
				CLANG_ENABLE_OBJC_ARC = YES;
				CLANG_ENABLE_OBJC_WEAK = YES;
				CLANG_WARN_BLOCK_CAPTURE_AUTORELEASING = YES;
				CLANG_WARN_BOOL_CONVERSION = YES;
				CLANG_WARN_COMMA = YES;
				CLANG_WARN_CONSTANT_CONVERSION = YES;
				CLANG_WARN_DEPRECATED_OBJC_IMPLEMENTATIONS = YES;
				CLANG_WARN_DIRECT_OBJC_ISA_USAGE = YES_ERROR;
				CLANG_WARN_DOCUMENTATION_COMMENTS = YES;
				CLANG_WARN_EMPTY_BODY = YES;
				CLANG_WARN_ENUM_CONVERSION = YES;
				CLANG_WARN_INFINITE_RECURSION = YES;
				CLANG_WARN_INT_CONVERSION = YES;
				CLANG_WARN_NON_LITERAL_NULL_CONVERSION = YES;
				CLANG_WARN_OBJC_IMPLICIT_RETAIN_SELF = YES;
				CLANG_WARN_OBJC_LITERAL_CONVERSION = YES;
				CLANG_WARN_OBJC_ROOT_CLASS = YES_ERROR;
				CLANG_WARN_RANGE_LOOP_ANALYSIS = YES;
				CLANG_WARN_STRICT_PROTOTYPES = YES;
				CLANG_WARN_SUSPICIOUS_MOVE = YES;
				CLANG_WARN_UNGUARDED_AVAILABILITY = YES_AGGRESSIVE;
				CLANG_WARN_UNREACHABLE_CODE = YES;
				CLANG_WARN__DUPLICATE_METHOD_MATCH = YES;
				CODE_SIGN_IDENTITY = "iPhone Developer";
				COPY_PHASE_STRIP = NO;
				DEBUG_INFORMATION_FORMAT = dwarf;
				ENABLE_STRICT_OBJC_MSGSEND = YES;
				ENABLE_TESTABILITY = YES;
				GCC_C_LANGUAGE_STANDARD = gnu11;
				GCC_DYNAMIC_NO_PIC = NO;
				GCC_NO_COMMON_BLOCKS = YES;
				GCC_OPTIMIZATION_LEVEL = 0;
				GCC_PREPROCESSOR_DEFINITIONS = (
					"DEBUG=1",
					"$(inherited)",
				);
				GCC_WARN_64_TO_32_BIT_CONVERSION = YES;
				GCC_WARN_ABOUT_RETURN_TYPE = YES_ERROR;
				GCC_WARN_UNDECLARED_SELECTOR = YES;
				GCC_WARN_UNINITIALIZED_AUTOS = YES_AGGRESSIVE;
				GCC_WARN_UNUSED_FUNCTION = YES;
				GCC_WARN_UNUSED_VARIABLE = YES;
				IPHONEOS_DEPLOYMENT_TARGET = 12.2;
				MTL_ENABLE_DEBUG_INFO = INCLUDE_SOURCE;
				MTL_FAST_MATH = YES;
				ONLY_ACTIVE_ARCH = YES;
				SDKROOT = iphoneos;
				SWIFT_ACTIVE_COMPILATION_CONDITIONS = DEBUG;
				SWIFT_OPTIMIZATION_LEVEL = "-Onone";
			};
			name = Debug;
		};
		6D946B9522657D9A006E7182 /* Release */ = {
			isa = XCBuildConfiguration;
			buildSettings = {
				ALWAYS_SEARCH_USER_PATHS = NO;
				CLANG_ANALYZER_NONNULL = YES;
				CLANG_ANALYZER_NUMBER_OBJECT_CONVERSION = YES_AGGRESSIVE;
				CLANG_CXX_LANGUAGE_STANDARD = "gnu++14";
				CLANG_CXX_LIBRARY = "libc++";
				CLANG_ENABLE_MODULES = YES;
				CLANG_ENABLE_OBJC_ARC = YES;
				CLANG_ENABLE_OBJC_WEAK = YES;
				CLANG_WARN_BLOCK_CAPTURE_AUTORELEASING = YES;
				CLANG_WARN_BOOL_CONVERSION = YES;
				CLANG_WARN_COMMA = YES;
				CLANG_WARN_CONSTANT_CONVERSION = YES;
				CLANG_WARN_DEPRECATED_OBJC_IMPLEMENTATIONS = YES;
				CLANG_WARN_DIRECT_OBJC_ISA_USAGE = YES_ERROR;
				CLANG_WARN_DOCUMENTATION_COMMENTS = YES;
				CLANG_WARN_EMPTY_BODY = YES;
				CLANG_WARN_ENUM_CONVERSION = YES;
				CLANG_WARN_INFINITE_RECURSION = YES;
				CLANG_WARN_INT_CONVERSION = YES;
				CLANG_WARN_NON_LITERAL_NULL_CONVERSION = YES;
				CLANG_WARN_OBJC_IMPLICIT_RETAIN_SELF = YES;
				CLANG_WARN_OBJC_LITERAL_CONVERSION = YES;
				CLANG_WARN_OBJC_ROOT_CLASS = YES_ERROR;
				CLANG_WARN_RANGE_LOOP_ANALYSIS = YES;
				CLANG_WARN_STRICT_PROTOTYPES = YES;
				CLANG_WARN_SUSPICIOUS_MOVE = YES;
				CLANG_WARN_UNGUARDED_AVAILABILITY = YES_AGGRESSIVE;
				CLANG_WARN_UNREACHABLE_CODE = YES;
				CLANG_WARN__DUPLICATE_METHOD_MATCH = YES;
				CODE_SIGN_IDENTITY = "iPhone Developer";
				COPY_PHASE_STRIP = NO;
				DEBUG_INFORMATION_FORMAT = "dwarf-with-dsym";
				ENABLE_NS_ASSERTIONS = NO;
				ENABLE_STRICT_OBJC_MSGSEND = YES;
				GCC_C_LANGUAGE_STANDARD = gnu11;
				GCC_NO_COMMON_BLOCKS = YES;
				GCC_WARN_64_TO_32_BIT_CONVERSION = YES;
				GCC_WARN_ABOUT_RETURN_TYPE = YES_ERROR;
				GCC_WARN_UNDECLARED_SELECTOR = YES;
				GCC_WARN_UNINITIALIZED_AUTOS = YES_AGGRESSIVE;
				GCC_WARN_UNUSED_FUNCTION = YES;
				GCC_WARN_UNUSED_VARIABLE = YES;
				IPHONEOS_DEPLOYMENT_TARGET = 12.2;
				MTL_ENABLE_DEBUG_INFO = NO;
				MTL_FAST_MATH = YES;
				SDKROOT = iphoneos;
				SWIFT_COMPILATION_MODE = wholemodule;
				SWIFT_OPTIMIZATION_LEVEL = "-O";
				VALIDATE_PRODUCT = YES;
			};
			name = Release;
		};
		6D946B9722657D9A006E7182 /* Debug */ = {
			isa = XCBuildConfiguration;
			buildSettings = {
				ASSETCATALOG_COMPILER_APPICON_NAME = AppIcon;
				CODE_SIGN_STYLE = Automatic;
				DEVELOPMENT_TEAM = DJ8T2973U7;
				INFOPLIST_FILE = gattServiceInspector/Info.plist;
				IPHONEOS_DEPLOYMENT_TARGET = 11.1;
				LD_RUNPATH_SEARCH_PATHS = (
					"$(inherited)",
					"@executable_path/Frameworks",
				);
				PRODUCT_BUNDLE_IDENTIFIER = com.hashtagchris.gattServiceInspector;
				PRODUCT_NAME = "$(TARGET_NAME)";
				SWIFT_VERSION = 5.0;
				TARGETED_DEVICE_FAMILY = "1,2";
			};
			name = Debug;
		};
		6D946B9822657D9A006E7182 /* Release */ = {
			isa = XCBuildConfiguration;
			buildSettings = {
				ASSETCATALOG_COMPILER_APPICON_NAME = AppIcon;
				CODE_SIGN_STYLE = Automatic;
				DEVELOPMENT_TEAM = DJ8T2973U7;
				INFOPLIST_FILE = gattServiceInspector/Info.plist;
				IPHONEOS_DEPLOYMENT_TARGET = 11.1;
				LD_RUNPATH_SEARCH_PATHS = (
					"$(inherited)",
					"@executable_path/Frameworks",
				);
				PRODUCT_BUNDLE_IDENTIFIER = com.hashtagchris.gattServiceInspector;
				PRODUCT_NAME = "$(TARGET_NAME)";
				SWIFT_VERSION = 5.0;
				TARGETED_DEVICE_FAMILY = "1,2";
			};
			name = Release;
		};
/* End XCBuildConfiguration section */

/* Begin XCConfigurationList section */
		6D946B7F22657D98006E7182 /* Build configuration list for PBXProject "gattServiceInspector" */ = {
			isa = XCConfigurationList;
			buildConfigurations = (
				6D946B9422657D9A006E7182 /* Debug */,
				6D946B9522657D9A006E7182 /* Release */,
			);
			defaultConfigurationIsVisible = 0;
			defaultConfigurationName = Release;
		};
		6D946B9622657D9A006E7182 /* Build configuration list for PBXNativeTarget "gattServiceInspector" */ = {
			isa = XCConfigurationList;
			buildConfigurations = (
				6D946B9722657D9A006E7182 /* Debug */,
				6D946B9822657D9A006E7182 /* Release */,
			);
			defaultConfigurationIsVisible = 0;
			defaultConfigurationName = Release;
		};
/* End XCConfigurationList section */
	};
	rootObject = 6D946B7C22657D98006E7182 /* Project object */;
}
